
Microsoft Visual Studio Solution File, Format Version 12.00
# Visual Studio 15
VisualStudioVersion = 15.0.27428.1
MinimumVisualStudioVersion = 10.0.40219.1
Project("{FAE04EC0-301F-11D3-BF4B-00C04F79EFBC}") = "JumpStartLearning", "JumpStartLearning\JumpStartLearning.csproj", "{B7EC11CD-5C63-4716-A98E-6631FC0D13F0}"
EndProject
Project("{FAE04EC0-301F-11D3-BF4B-00C04F79EFBC}") = "Calculator", "Calculator\Calculator.csproj", "{7B4BA5E9-F1D8-4752-A902-31E097C54B2C}"
EndProject
Project("{FAE04EC0-301F-11D3-BF4B-00C04F79EFBC}") = "JumpStartFiles", "JumpStartFiles\JumpStartFiles.csproj", "{4E0F96BC-5681-443C-B633-22972ED1AA28}"
EndProject
Global
	GlobalSection(SolutionConfigurationPlatforms) = preSolution
		Debug|Any CPU = Debug|Any CPU
		Release|Any CPU = Release|Any CPU
	EndGlobalSection
	GlobalSection(ProjectConfigurationPlatforms) = postSolution
		{B7EC11CD-5C63-4716-A98E-6631FC0D13F0}.Debug|Any CPU.ActiveCfg = Debug|Any CPU
		{B7EC11CD-5C63-4716-A98E-6631FC0D13F0}.Debug|Any CPU.Build.0 = Debug|Any CPU
		{B7EC11CD-5C63-4716-A98E-6631FC0D13F0}.Release|Any CPU.ActiveCfg = Release|Any CPU
		{B7EC11CD-5C63-4716-A98E-6631FC0D13F0}.Release|Any CPU.Build.0 = Release|Any CPU
		{7B4BA5E9-F1D8-4752-A902-31E097C54B2C}.Debug|Any CPU.ActiveCfg = Debug|Any CPU
		{7B4BA5E9-F1D8-4752-A902-31E097C54B2C}.Debug|Any CPU.Build.0 = Debug|Any CPU
		{7B4BA5E9-F1D8-4752-A902-31E097C54B2C}.Release|Any CPU.ActiveCfg = Release|Any CPU
		{7B4BA5E9-F1D8-4752-A902-31E097C54B2C}.Release|Any CPU.Build.0 = Release|Any CPU
		{4E0F96BC-5681-443C-B633-22972ED1AA28}.Debug|Any CPU.ActiveCfg = Debug|Any CPU
		{4E0F96BC-5681-443C-B633-22972ED1AA28}.Debug|Any CPU.Build.0 = Debug|Any CPU
		{4E0F96BC-5681-443C-B633-22972ED1AA28}.Release|Any CPU.ActiveCfg = Release|Any CPU
		{4E0F96BC-5681-443C-B633-22972ED1AA28}.Release|Any CPU.Build.0 = Release|Any CPU
	EndGlobalSection
	GlobalSection(SolutionProperties) = preSolution
		HideSolutionNode = FALSE
	EndGlobalSection
	GlobalSection(ExtensibilityGlobals) = postSolution
		SolutionGuid = {CC605E64-4B34-44A0-BD1E-16F80B5D6184}
	EndGlobalSection
EndGlobal
